// !$*UTF8*$!
{
	archiveVersion = 1;
	classes = {
	};
	objectVersion = 55;
	objects = {

/* Begin PBXBuildFile section */
		14CB9B1F286A49F000FE8325 /* AppDelegate.m in Sources */ = {isa = PBXBuildFile; fileRef = 14CB9B1E286A49F000FE8325 /* AppDelegate.m */; };
		14CB9B22286A49F000FE8325 /* SceneDelegate.m in Sources */ = {isa = PBXBuildFile; fileRef = 14CB9B21286A49F000FE8325 /* SceneDelegate.m */; };
		14CB9B25286A49F000FE8325 /* ViewController.m in Sources */ = {isa = PBXBuildFile; fileRef = 14CB9B24286A49F000FE8325 /* ViewController.m */; };
		14CB9B28286A49F000FE8325 /* Main.storyboard in Resources */ = {isa = PBXBuildFile; fileRef = 14CB9B26286A49F000FE8325 /* Main.storyboard */; };
		14CB9B2A286A49F100FE8325 /* Assets.xcassets in Resources */ = {isa = PBXBuildFile; fileRef = 14CB9B29286A49F100FE8325 /* Assets.xcassets */; };
		14CB9B2D286A49F100FE8325 /* LaunchScreen.storyboard in Resources */ = {isa = PBXBuildFile; fileRef = 14CB9B2B286A49F100FE8325 /* LaunchScreen.storyboard */; };
		14CB9B30286A49F100FE8325 /* main.m in Sources */ = {isa = PBXBuildFile; fileRef = 14CB9B2F286A49F100FE8325 /* main.m */; };
		14CB9B3A286A49F100FE8325 /* InstagramTests.m in Sources */ = {isa = PBXBuildFile; fileRef = 14CB9B39286A49F100FE8325 /* InstagramTests.m */; };
		14CB9B44286A49F100FE8325 /* InstagramUITests.m in Sources */ = {isa = PBXBuildFile; fileRef = 14CB9B43286A49F100FE8325 /* InstagramUITests.m */; };
		14CB9B46286A49F100FE8325 /* InstagramUITestsLaunchTests.m in Sources */ = {isa = PBXBuildFile; fileRef = 14CB9B45286A49F100FE8325 /* InstagramUITestsLaunchTests.m */; };
		14CB9B55286A680A00FE8325 /* LoginViewController.m in Sources */ = {isa = PBXBuildFile; fileRef = 14CB9B54286A680A00FE8325 /* LoginViewController.m */; };
		14CB9B58286A6F4E00FE8325 /* HomeFeedViewController.m in Sources */ = {isa = PBXBuildFile; fileRef = 14CB9B57286A6F4E00FE8325 /* HomeFeedViewController.m */; };
		14F33D1A286ACDD400941319 /* PhotoMapViewController.m in Sources */ = {isa = PBXBuildFile; fileRef = 14F33D19286ACDD400941319 /* PhotoMapViewController.m */; };
		14F33D1E286B6F5200941319 /* Post.m in Sources */ = {isa = PBXBuildFile; fileRef = 14F33D1D286B6F5200941319 /* Post.m */; };
		14F33D21286B7DD600941319 /* PostCell.m in Sources */ = {isa = PBXBuildFile; fileRef = 14F33D20286B7DD600941319 /* PostCell.m */; };
		A4B49A398B7BFDEA3C32E6D9 /* Pods_Instagram.framework in Frameworks */ = {isa = PBXBuildFile; fileRef = BFB9E711071CC8C183E22644 /* Pods_Instagram.framework */; };
		B38432981F6920A62BE1B16C /* Pods_Instagram_InstagramUITests.framework in Frameworks */ = {isa = PBXBuildFile; fileRef = 0153303A711E002794246CA3 /* Pods_Instagram_InstagramUITests.framework */; };
		C708EF17B29CA1211B8AC6DF /* Pods_InstagramTests.framework in Frameworks */ = {isa = PBXBuildFile; fileRef = BA2846E0992FCF64B62D5378 /* Pods_InstagramTests.framework */; };
/* End PBXBuildFile section */

/* Begin PBXContainerItemProxy section */
		14CB9B36286A49F100FE8325 /* PBXContainerItemProxy */ = {
			isa = PBXContainerItemProxy;
			containerPortal = 14CB9B12286A49F000FE8325 /* Project object */;
			proxyType = 1;
			remoteGlobalIDString = 14CB9B19286A49F000FE8325;
			remoteInfo = Instagram;
		};
		14CB9B40286A49F100FE8325 /* PBXContainerItemProxy */ = {
			isa = PBXContainerItemProxy;
			containerPortal = 14CB9B12286A49F000FE8325 /* Project object */;
			proxyType = 1;
			remoteGlobalIDString = 14CB9B19286A49F000FE8325;
			remoteInfo = Instagram;
		};
/* End PBXContainerItemProxy section */

/* Begin PBXFileReference section */
		0153303A711E002794246CA3 /* Pods_Instagram_InstagramUITests.framework */ = {isa = PBXFileReference; explicitFileType = wrapper.framework; includeInIndex = 0; path = Pods_Instagram_InstagramUITests.framework; sourceTree = BUILT_PRODUCTS_DIR; };
		09E4D5F70F582E13EB35ECD6 /* Pods-Instagram-InstagramUITests.debug.xcconfig */ = {isa = PBXFileReference; includeInIndex = 1; lastKnownFileType = text.xcconfig; name = "Pods-Instagram-InstagramUITests.debug.xcconfig"; path = "Target Support Files/Pods-Instagram-InstagramUITests/Pods-Instagram-InstagramUITests.debug.xcconfig"; sourceTree = "<group>"; };
		14CB9B1A286A49F000FE8325 /* Instagram.app */ = {isa = PBXFileReference; explicitFileType = wrapper.application; includeInIndex = 0; path = Instagram.app; sourceTree = BUILT_PRODUCTS_DIR; };
		14CB9B1D286A49F000FE8325 /* AppDelegate.h */ = {isa = PBXFileReference; lastKnownFileType = sourcecode.c.h; path = AppDelegate.h; sourceTree = "<group>"; };
		14CB9B1E286A49F000FE8325 /* AppDelegate.m */ = {isa = PBXFileReference; lastKnownFileType = sourcecode.c.objc; path = AppDelegate.m; sourceTree = "<group>"; };
		14CB9B20286A49F000FE8325 /* SceneDelegate.h */ = {isa = PBXFileReference; lastKnownFileType = sourcecode.c.h; path = SceneDelegate.h; sourceTree = "<group>"; };
		14CB9B21286A49F000FE8325 /* SceneDelegate.m */ = {isa = PBXFileReference; lastKnownFileType = sourcecode.c.objc; path = SceneDelegate.m; sourceTree = "<group>"; };
		14CB9B23286A49F000FE8325 /* ViewController.h */ = {isa = PBXFileReference; lastKnownFileType = sourcecode.c.h; path = ViewController.h; sourceTree = "<group>"; };
		14CB9B24286A49F000FE8325 /* ViewController.m */ = {isa = PBXFileReference; lastKnownFileType = sourcecode.c.objc; path = ViewController.m; sourceTree = "<group>"; };
		14CB9B27286A49F000FE8325 /* Base */ = {isa = PBXFileReference; lastKnownFileType = file.storyboard; name = Base; path = Base.lproj/Main.storyboard; sourceTree = "<group>"; };
		14CB9B29286A49F100FE8325 /* Assets.xcassets */ = {isa = PBXFileReference; lastKnownFileType = folder.assetcatalog; path = Assets.xcassets; sourceTree = "<group>"; };
		14CB9B2C286A49F100FE8325 /* Base */ = {isa = PBXFileReference; lastKnownFileType = file.storyboard; name = Base; path = Base.lproj/LaunchScreen.storyboard; sourceTree = "<group>"; };
		14CB9B2E286A49F100FE8325 /* Info.plist */ = {isa = PBXFileReference; lastKnownFileType = text.plist.xml; path = Info.plist; sourceTree = "<group>"; };
		14CB9B2F286A49F100FE8325 /* main.m */ = {isa = PBXFileReference; lastKnownFileType = sourcecode.c.objc; path = main.m; sourceTree = "<group>"; };
		14CB9B35286A49F100FE8325 /* InstagramTests.xctest */ = {isa = PBXFileReference; explicitFileType = wrapper.cfbundle; includeInIndex = 0; path = InstagramTests.xctest; sourceTree = BUILT_PRODUCTS_DIR; };
		14CB9B39286A49F100FE8325 /* InstagramTests.m */ = {isa = PBXFileReference; lastKnownFileType = sourcecode.c.objc; path = InstagramTests.m; sourceTree = "<group>"; };
		14CB9B3F286A49F100FE8325 /* InstagramUITests.xctest */ = {isa = PBXFileReference; explicitFileType = wrapper.cfbundle; includeInIndex = 0; path = InstagramUITests.xctest; sourceTree = BUILT_PRODUCTS_DIR; };
		14CB9B43286A49F100FE8325 /* InstagramUITests.m */ = {isa = PBXFileReference; lastKnownFileType = sourcecode.c.objc; path = InstagramUITests.m; sourceTree = "<group>"; };
		14CB9B45286A49F100FE8325 /* InstagramUITestsLaunchTests.m */ = {isa = PBXFileReference; lastKnownFileType = sourcecode.c.objc; path = InstagramUITestsLaunchTests.m; sourceTree = "<group>"; };
		14CB9B53286A680A00FE8325 /* LoginViewController.h */ = {isa = PBXFileReference; lastKnownFileType = sourcecode.c.h; path = LoginViewController.h; sourceTree = "<group>"; };
		14CB9B54286A680A00FE8325 /* LoginViewController.m */ = {isa = PBXFileReference; lastKnownFileType = sourcecode.c.objc; path = LoginViewController.m; sourceTree = "<group>"; };
		14CB9B56286A6F4E00FE8325 /* HomeFeedViewController.h */ = {isa = PBXFileReference; lastKnownFileType = sourcecode.c.h; path = HomeFeedViewController.h; sourceTree = "<group>"; };
		14CB9B57286A6F4E00FE8325 /* HomeFeedViewController.m */ = {isa = PBXFileReference; lastKnownFileType = sourcecode.c.objc; path = HomeFeedViewController.m; sourceTree = "<group>"; };
		14F33D18286ACDD400941319 /* PhotoMapViewController.h */ = {isa = PBXFileReference; lastKnownFileType = sourcecode.c.h; path = PhotoMapViewController.h; sourceTree = "<group>"; };
		14F33D19286ACDD400941319 /* PhotoMapViewController.m */ = {isa = PBXFileReference; lastKnownFileType = sourcecode.c.objc; path = PhotoMapViewController.m; sourceTree = "<group>"; };
		14F33D1C286B6F5200941319 /* Post.h */ = {isa = PBXFileReference; lastKnownFileType = sourcecode.c.h; path = Post.h; sourceTree = "<group>"; };
		14F33D1D286B6F5200941319 /* Post.m */ = {isa = PBXFileReference; lastKnownFileType = sourcecode.c.objc; path = Post.m; sourceTree = "<group>"; };
		14F33D1F286B7DD600941319 /* PostCell.h */ = {isa = PBXFileReference; lastKnownFileType = sourcecode.c.h; path = PostCell.h; sourceTree = "<group>"; };
		14F33D20286B7DD600941319 /* PostCell.m */ = {isa = PBXFileReference; lastKnownFileType = sourcecode.c.objc; path = PostCell.m; sourceTree = "<group>"; };
		179EF103D6760B52148C87BB /* Pods-InstagramTests.debug.xcconfig */ = {isa = PBXFileReference; includeInIndex = 1; lastKnownFileType = text.xcconfig; name = "Pods-InstagramTests.debug.xcconfig"; path = "Target Support Files/Pods-InstagramTests/Pods-InstagramTests.debug.xcconfig"; sourceTree = "<group>"; };
		8720B66135C939DDF1010681 /* Pods-InstagramTests.release.xcconfig */ = {isa = PBXFileReference; includeInIndex = 1; lastKnownFileType = text.xcconfig; name = "Pods-InstagramTests.release.xcconfig"; path = "Target Support Files/Pods-InstagramTests/Pods-InstagramTests.release.xcconfig"; sourceTree = "<group>"; };
		9F0014A688C5E4B25F36392F /* Pods-Instagram.release.xcconfig */ = {isa = PBXFileReference; includeInIndex = 1; lastKnownFileType = text.xcconfig; name = "Pods-Instagram.release.xcconfig"; path = "Target Support Files/Pods-Instagram/Pods-Instagram.release.xcconfig"; sourceTree = "<group>"; };
		BA2846E0992FCF64B62D5378 /* Pods_InstagramTests.framework */ = {isa = PBXFileReference; explicitFileType = wrapper.framework; includeInIndex = 0; path = Pods_InstagramTests.framework; sourceTree = BUILT_PRODUCTS_DIR; };
		BFB9E711071CC8C183E22644 /* Pods_Instagram.framework */ = {isa = PBXFileReference; explicitFileType = wrapper.framework; includeInIndex = 0; path = Pods_Instagram.framework; sourceTree = BUILT_PRODUCTS_DIR; };
		C77209A85B1246A3C31BD671 /* Pods-Instagram.debug.xcconfig */ = {isa = PBXFileReference; includeInIndex = 1; lastKnownFileType = text.xcconfig; name = "Pods-Instagram.debug.xcconfig"; path = "Target Support Files/Pods-Instagram/Pods-Instagram.debug.xcconfig"; sourceTree = "<group>"; };
		F477291FCF0597B3A5AF36B9 /* Pods-Instagram-InstagramUITests.release.xcconfig */ = {isa = PBXFileReference; includeInIndex = 1; lastKnownFileType = text.xcconfig; name = "Pods-Instagram-InstagramUITests.release.xcconfig"; path = "Target Support Files/Pods-Instagram-InstagramUITests/Pods-Instagram-InstagramUITests.release.xcconfig"; sourceTree = "<group>"; };
/* End PBXFileReference section */

/* Begin PBXFrameworksBuildPhase section */
		14CB9B17286A49F000FE8325 /* Frameworks */ = {
			isa = PBXFrameworksBuildPhase;
			buildActionMask = 2147483647;
			files = (
				A4B49A398B7BFDEA3C32E6D9 /* Pods_Instagram.framework in Frameworks */,
			);
			runOnlyForDeploymentPostprocessing = 0;
		};
		14CB9B32286A49F100FE8325 /* Frameworks */ = {
			isa = PBXFrameworksBuildPhase;
			buildActionMask = 2147483647;
			files = (
				C708EF17B29CA1211B8AC6DF /* Pods_InstagramTests.framework in Frameworks */,
			);
			runOnlyForDeploymentPostprocessing = 0;
		};
		14CB9B3C286A49F100FE8325 /* Frameworks */ = {
			isa = PBXFrameworksBuildPhase;
			buildActionMask = 2147483647;
			files = (
				B38432981F6920A62BE1B16C /* Pods_Instagram_InstagramUITests.framework in Frameworks */,
			);
			runOnlyForDeploymentPostprocessing = 0;
		};
/* End PBXFrameworksBuildPhase section */

/* Begin PBXGroup section */
		14CB9B11286A49F000FE8325 = {
			isa = PBXGroup;
			children = (
				14CB9B1C286A49F000FE8325 /* Instagram */,
				14CB9B38286A49F100FE8325 /* InstagramTests */,
				14CB9B42286A49F100FE8325 /* InstagramUITests */,
				14CB9B1B286A49F000FE8325 /* Products */,
				96303A0FCB23465276F589AA /* Pods */,
				4E31209264FDEBAEFB1BE250 /* Frameworks */,
			);
			sourceTree = "<group>";
		};
		14CB9B1B286A49F000FE8325 /* Products */ = {
			isa = PBXGroup;
			children = (
				14CB9B1A286A49F000FE8325 /* Instagram.app */,
				14CB9B35286A49F100FE8325 /* InstagramTests.xctest */,
				14CB9B3F286A49F100FE8325 /* InstagramUITests.xctest */,
			);
			name = Products;
			sourceTree = "<group>";
		};
		14CB9B1C286A49F000FE8325 /* Instagram */ = {
			isa = PBXGroup;
			children = (
				14CB9B1D286A49F000FE8325 /* AppDelegate.h */,
				14CB9B1E286A49F000FE8325 /* AppDelegate.m */,
				14CB9B20286A49F000FE8325 /* SceneDelegate.h */,
				14CB9B21286A49F000FE8325 /* SceneDelegate.m */,
				14CB9B23286A49F000FE8325 /* ViewController.h */,
				14CB9B24286A49F000FE8325 /* ViewController.m */,
				14CB9B26286A49F000FE8325 /* Main.storyboard */,
				14F33D1C286B6F5200941319 /* Post.h */,
				14F33D1D286B6F5200941319 /* Post.m */,
				14CB9B29286A49F100FE8325 /* Assets.xcassets */,
				14CB9B2B286A49F100FE8325 /* LaunchScreen.storyboard */,
				14CB9B2E286A49F100FE8325 /* Info.plist */,
				14CB9B2F286A49F100FE8325 /* main.m */,
				14F33D1B286B68BF00941319 /* Cell */,
				14CB9B52286A678C00FE8325 /* View Controllers */,
			);
			path = Instagram;
			sourceTree = "<group>";
		};
		14CB9B38286A49F100FE8325 /* InstagramTests */ = {
			isa = PBXGroup;
			children = (
				14CB9B39286A49F100FE8325 /* InstagramTests.m */,
			);
			path = InstagramTests;
			sourceTree = "<group>";
		};
		14CB9B42286A49F100FE8325 /* InstagramUITests */ = {
			isa = PBXGroup;
			children = (
				14CB9B43286A49F100FE8325 /* InstagramUITests.m */,
				14CB9B45286A49F100FE8325 /* InstagramUITestsLaunchTests.m */,
			);
			path = InstagramUITests;
			sourceTree = "<group>";
		};
		14CB9B52286A678C00FE8325 /* View Controllers */ = {
			isa = PBXGroup;
			children = (
				14F33D18286ACDD400941319 /* PhotoMapViewController.h */,
				14F33D19286ACDD400941319 /* PhotoMapViewController.m */,
				14CB9B56286A6F4E00FE8325 /* HomeFeedViewController.h */,
				14CB9B57286A6F4E00FE8325 /* HomeFeedViewController.m */,
				14CB9B53286A680A00FE8325 /* LoginViewController.h */,
				14CB9B54286A680A00FE8325 /* LoginViewController.m */,
			);
			path = "View Controllers";
			sourceTree = "<group>";
		};
		14F33D1B286B68BF00941319 /* Cell */ = {
			isa = PBXGroup;
			children = (
				14F33D1F286B7DD600941319 /* PostCell.h */,
				14F33D20286B7DD600941319 /* PostCell.m */,
			);
			path = Cell;
			sourceTree = "<group>";
		};
		4E31209264FDEBAEFB1BE250 /* Frameworks */ = {
			isa = PBXGroup;
			children = (
				BFB9E711071CC8C183E22644 /* Pods_Instagram.framework */,
				0153303A711E002794246CA3 /* Pods_Instagram_InstagramUITests.framework */,
				BA2846E0992FCF64B62D5378 /* Pods_InstagramTests.framework */,
			);
			name = Frameworks;
			sourceTree = "<group>";
		};
		96303A0FCB23465276F589AA /* Pods */ = {
			isa = PBXGroup;
			children = (
				C77209A85B1246A3C31BD671 /* Pods-Instagram.debug.xcconfig */,
				9F0014A688C5E4B25F36392F /* Pods-Instagram.release.xcconfig */,
				09E4D5F70F582E13EB35ECD6 /* Pods-Instagram-InstagramUITests.debug.xcconfig */,
				F477291FCF0597B3A5AF36B9 /* Pods-Instagram-InstagramUITests.release.xcconfig */,
				179EF103D6760B52148C87BB /* Pods-InstagramTests.debug.xcconfig */,
				8720B66135C939DDF1010681 /* Pods-InstagramTests.release.xcconfig */,
			);
			path = Pods;
			sourceTree = "<group>";
		};
/* End PBXGroup section */

/* Begin PBXNativeTarget section */
		14CB9B19286A49F000FE8325 /* Instagram */ = {
			isa = PBXNativeTarget;
			buildConfigurationList = 14CB9B49286A49F100FE8325 /* Build configuration list for PBXNativeTarget "Instagram" */;
			buildPhases = (
				9C6A1C244C94F667BA863615 /* [CP] Check Pods Manifest.lock */,
				14CB9B16286A49F000FE8325 /* Sources */,
				14CB9B17286A49F000FE8325 /* Frameworks */,
				14CB9B18286A49F000FE8325 /* Resources */,
				0E5B7A9283907FF8C80BFD6F /* [CP] Embed Pods Frameworks */,
			);
			buildRules = (
			);
			dependencies = (
			);
			name = Instagram;
			productName = Instagram;
			productReference = 14CB9B1A286A49F000FE8325 /* Instagram.app */;
			productType = "com.apple.product-type.application";
		};
		14CB9B34286A49F100FE8325 /* InstagramTests */ = {
			isa = PBXNativeTarget;
			buildConfigurationList = 14CB9B4C286A49F100FE8325 /* Build configuration list for PBXNativeTarget "InstagramTests" */;
			buildPhases = (
				BFE80BA7AC7EC6019A1848D3 /* [CP] Check Pods Manifest.lock */,
				14CB9B31286A49F100FE8325 /* Sources */,
				14CB9B32286A49F100FE8325 /* Frameworks */,
				14CB9B33286A49F100FE8325 /* Resources */,
			);
			buildRules = (
			);
			dependencies = (
				14CB9B37286A49F100FE8325 /* PBXTargetDependency */,
			);
			name = InstagramTests;
			productName = InstagramTests;
			productReference = 14CB9B35286A49F100FE8325 /* InstagramTests.xctest */;
			productType = "com.apple.product-type.bundle.unit-test";
		};
		14CB9B3E286A49F100FE8325 /* InstagramUITests */ = {
			isa = PBXNativeTarget;
			buildConfigurationList = 14CB9B4F286A49F100FE8325 /* Build configuration list for PBXNativeTarget "InstagramUITests" */;
			buildPhases = (
				FFA10B7103DC5E812883C6FF /* [CP] Check Pods Manifest.lock */,
				14CB9B3B286A49F100FE8325 /* Sources */,
				14CB9B3C286A49F100FE8325 /* Frameworks */,
				14CB9B3D286A49F100FE8325 /* Resources */,
				010AAFDC9238937D616F03D9 /* [CP] Embed Pods Frameworks */,
			);
			buildRules = (
			);
			dependencies = (
				14CB9B41286A49F100FE8325 /* PBXTargetDependency */,
			);
			name = InstagramUITests;
			productName = InstagramUITests;
			productReference = 14CB9B3F286A49F100FE8325 /* InstagramUITests.xctest */;
			productType = "com.apple.product-type.bundle.ui-testing";
		};
/* End PBXNativeTarget section */

/* Begin PBXProject section */
		14CB9B12286A49F000FE8325 /* Project object */ = {
			isa = PBXProject;
			attributes = {
				BuildIndependentTargetsInParallel = 1;
				LastUpgradeCheck = 1340;
				TargetAttributes = {
					14CB9B19286A49F000FE8325 = {
						CreatedOnToolsVersion = 13.4;
					};
					14CB9B34286A49F100FE8325 = {
						CreatedOnToolsVersion = 13.4;
						TestTargetID = 14CB9B19286A49F000FE8325;
					};
					14CB9B3E286A49F100FE8325 = {
						CreatedOnToolsVersion = 13.4;
						TestTargetID = 14CB9B19286A49F000FE8325;
					};
				};
			};
			buildConfigurationList = 14CB9B15286A49F000FE8325 /* Build configuration list for PBXProject "Instagram" */;
			compatibilityVersion = "Xcode 13.0";
			developmentRegion = en;
			hasScannedForEncodings = 0;
			knownRegions = (
				en,
				Base,
			);
			mainGroup = 14CB9B11286A49F000FE8325;
			productRefGroup = 14CB9B1B286A49F000FE8325 /* Products */;
			projectDirPath = "";
			projectRoot = "";
			targets = (
				14CB9B19286A49F000FE8325 /* Instagram */,
				14CB9B34286A49F100FE8325 /* InstagramTests */,
				14CB9B3E286A49F100FE8325 /* InstagramUITests */,
			);
		};
/* End PBXProject section */

/* Begin PBXResourcesBuildPhase section */
		14CB9B18286A49F000FE8325 /* Resources */ = {
			isa = PBXResourcesBuildPhase;
			buildActionMask = 2147483647;
			files = (
				14CB9B2D286A49F100FE8325 /* LaunchScreen.storyboard in Resources */,
				14CB9B2A286A49F100FE8325 /* Assets.xcassets in Resources */,
				14CB9B28286A49F000FE8325 /* Main.storyboard in Resources */,
			);
			runOnlyForDeploymentPostprocessing = 0;
		};
		14CB9B33286A49F100FE8325 /* Resources */ = {
			isa = PBXResourcesBuildPhase;
			buildActionMask = 2147483647;
			files = (
			);
			runOnlyForDeploymentPostprocessing = 0;
		};
		14CB9B3D286A49F100FE8325 /* Resources */ = {
			isa = PBXResourcesBuildPhase;
			buildActionMask = 2147483647;
			files = (
			);
			runOnlyForDeploymentPostprocessing = 0;
		};
/* End PBXResourcesBuildPhase section */

/* Begin PBXShellScriptBuildPhase section */
		010AAFDC9238937D616F03D9 /* [CP] Embed Pods Frameworks */ = {
			isa = PBXShellScriptBuildPhase;
			buildActionMask = 2147483647;
			files = (
			);
			inputFileListPaths = (
				"${PODS_ROOT}/Target Support Files/Pods-Instagram-InstagramUITests/Pods-Instagram-InstagramUITests-frameworks-${CONFIGURATION}-input-files.xcfilelist",
			);
			name = "[CP] Embed Pods Frameworks";
			outputFileListPaths = (
				"${PODS_ROOT}/Target Support Files/Pods-Instagram-InstagramUITests/Pods-Instagram-InstagramUITests-frameworks-${CONFIGURATION}-output-files.xcfilelist",
			);
			runOnlyForDeploymentPostprocessing = 0;
			shellPath = /bin/sh;
			shellScript = "\"${PODS_ROOT}/Target Support Files/Pods-Instagram-InstagramUITests/Pods-Instagram-InstagramUITests-frameworks.sh\"\n";
			showEnvVarsInLog = 0;
		};
		0E5B7A9283907FF8C80BFD6F /* [CP] Embed Pods Frameworks */ = {
			isa = PBXShellScriptBuildPhase;
			buildActionMask = 2147483647;
			files = (
			);
			inputFileListPaths = (
				"${PODS_ROOT}/Target Support Files/Pods-Instagram/Pods-Instagram-frameworks-${CONFIGURATION}-input-files.xcfilelist",
			);
			name = "[CP] Embed Pods Frameworks";
			outputFileListPaths = (
				"${PODS_ROOT}/Target Support Files/Pods-Instagram/Pods-Instagram-frameworks-${CONFIGURATION}-output-files.xcfilelist",
			);
			runOnlyForDeploymentPostprocessing = 0;
			shellPath = /bin/sh;
			shellScript = "\"${PODS_ROOT}/Target Support Files/Pods-Instagram/Pods-Instagram-frameworks.sh\"\n";
			showEnvVarsInLog = 0;
		};
		9C6A1C244C94F667BA863615 /* [CP] Check Pods Manifest.lock */ = {
			isa = PBXShellScriptBuildPhase;
			buildActionMask = 2147483647;
			files = (
			);
			inputFileListPaths = (
			);
			inputPaths = (
				"${PODS_PODFILE_DIR_PATH}/Podfile.lock",
				"${PODS_ROOT}/Manifest.lock",
			);
			name = "[CP] Check Pods Manifest.lock";
			outputFileListPaths = (
			);
			outputPaths = (
				"$(DERIVED_FILE_DIR)/Pods-Instagram-checkManifestLockResult.txt",
			);
			runOnlyForDeploymentPostprocessing = 0;
			shellPath = /bin/sh;
			shellScript = "diff \"${PODS_PODFILE_DIR_PATH}/Podfile.lock\" \"${PODS_ROOT}/Manifest.lock\" > /dev/null\nif [ $? != 0 ] ; then\n    # print error to STDERR\n    echo \"error: The sandbox is not in sync with the Podfile.lock. Run 'pod install' or update your CocoaPods installation.\" >&2\n    exit 1\nfi\n# This output is used by Xcode 'outputs' to avoid re-running this script phase.\necho \"SUCCESS\" > \"${SCRIPT_OUTPUT_FILE_0}\"\n";
			showEnvVarsInLog = 0;
		};
		BFE80BA7AC7EC6019A1848D3 /* [CP] Check Pods Manifest.lock */ = {
			isa = PBXShellScriptBuildPhase;
			buildActionMask = 2147483647;
			files = (
			);
			inputFileListPaths = (
			);
			inputPaths = (
				"${PODS_PODFILE_DIR_PATH}/Podfile.lock",
				"${PODS_ROOT}/Manifest.lock",
			);
			name = "[CP] Check Pods Manifest.lock";
			outputFileListPaths = (
			);
			outputPaths = (
				"$(DERIVED_FILE_DIR)/Pods-InstagramTests-checkManifestLockResult.txt",
			);
			runOnlyForDeploymentPostprocessing = 0;
			shellPath = /bin/sh;
			shellScript = "diff \"${PODS_PODFILE_DIR_PATH}/Podfile.lock\" \"${PODS_ROOT}/Manifest.lock\" > /dev/null\nif [ $? != 0 ] ; then\n    # print error to STDERR\n    echo \"error: The sandbox is not in sync with the Podfile.lock. Run 'pod install' or update your CocoaPods installation.\" >&2\n    exit 1\nfi\n# This output is used by Xcode 'outputs' to avoid re-running this script phase.\necho \"SUCCESS\" > \"${SCRIPT_OUTPUT_FILE_0}\"\n";
			showEnvVarsInLog = 0;
		};
		FFA10B7103DC5E812883C6FF /* [CP] Check Pods Manifest.lock */ = {
			isa = PBXShellScriptBuildPhase;
			buildActionMask = 2147483647;
			files = (
			);
			inputFileListPaths = (
			);
			inputPaths = (
				"${PODS_PODFILE_DIR_PATH}/Podfile.lock",
				"${PODS_ROOT}/Manifest.lock",
			);
			name = "[CP] Check Pods Manifest.lock";
			outputFileListPaths = (
			);
			outputPaths = (
				"$(DERIVED_FILE_DIR)/Pods-Instagram-InstagramUITests-checkManifestLockResult.txt",
			);
			runOnlyForDeploymentPostprocessing = 0;
			shellPath = /bin/sh;
			shellScript = "diff \"${PODS_PODFILE_DIR_PATH}/Podfile.lock\" \"${PODS_ROOT}/Manifest.lock\" > /dev/null\nif [ $? != 0 ] ; then\n    # print error to STDERR\n    echo \"error: The sandbox is not in sync with the Podfile.lock. Run 'pod install' or update your CocoaPods installation.\" >&2\n    exit 1\nfi\n# This output is used by Xcode 'outputs' to avoid re-running this script phase.\necho \"SUCCESS\" > \"${SCRIPT_OUTPUT_FILE_0}\"\n";
			showEnvVarsInLog = 0;
		};
/* End PBXShellScriptBuildPhase section */

/* Begin PBXSourcesBuildPhase section */
		14CB9B16286A49F000FE8325 /* Sources */ = {
			isa = PBXSourcesBuildPhase;
			buildActionMask = 2147483647;
			files = (
				14CB9B25286A49F000FE8325 /* ViewController.m in Sources */,
				14CB9B58286A6F4E00FE8325 /* HomeFeedViewController.m in Sources */,
				14CB9B1F286A49F000FE8325 /* AppDelegate.m in Sources */,
				14CB9B30286A49F100FE8325 /* main.m in Sources */,
				14F33D1A286ACDD400941319 /* PhotoMapViewController.m in Sources */,
				14F33D21286B7DD600941319 /* PostCell.m in Sources */,
				14CB9B22286A49F000FE8325 /* SceneDelegate.m in Sources */,
				14CB9B55286A680A00FE8325 /* LoginViewController.m in Sources */,
				14F33D1E286B6F5200941319 /* Post.m in Sources */,
			);
			runOnlyForDeploymentPostprocessing = 0;
		};
		14CB9B31286A49F100FE8325 /* Sources */ = {
			isa = PBXSourcesBuildPhase;
			buildActionMask = 2147483647;
			files = (
				14CB9B3A286A49F100FE8325 /* InstagramTests.m in Sources */,
			);
			runOnlyForDeploymentPostprocessing = 0;
		};
		14CB9B3B286A49F100FE8325 /* Sources */ = {
			isa = PBXSourcesBuildPhase;
			buildActionMask = 2147483647;
			files = (
				14CB9B44286A49F100FE8325 /* InstagramUITests.m in Sources */,
				14CB9B46286A49F100FE8325 /* InstagramUITestsLaunchTests.m in Sources */,
			);
			runOnlyForDeploymentPostprocessing = 0;
		};
/* End PBXSourcesBuildPhase section */

/* Begin PBXTargetDependency section */
		14CB9B37286A49F100FE8325 /* PBXTargetDependency */ = {
			isa = PBXTargetDependency;
			target = 14CB9B19286A49F000FE8325 /* Instagram */;
			targetProxy = 14CB9B36286A49F100FE8325 /* PBXContainerItemProxy */;
		};
		14CB9B41286A49F100FE8325 /* PBXTargetDependency */ = {
			isa = PBXTargetDependency;
			target = 14CB9B19286A49F000FE8325 /* Instagram */;
			targetProxy = 14CB9B40286A49F100FE8325 /* PBXContainerItemProxy */;
		};
/* End PBXTargetDependency section */

/* Begin PBXVariantGroup section */
		14CB9B26286A49F000FE8325 /* Main.storyboard */ = {
			isa = PBXVariantGroup;
			children = (
				14CB9B27286A49F000FE8325 /* Base */,
			);
			name = Main.storyboard;
			sourceTree = "<group>";
		};
		14CB9B2B286A49F100FE8325 /* LaunchScreen.storyboard */ = {
			isa = PBXVariantGroup;
			children = (
				14CB9B2C286A49F100FE8325 /* Base */,
			);
			name = LaunchScreen.storyboard;
			sourceTree = "<group>";
		};
/* End PBXVariantGroup section */

/* Begin XCBuildConfiguration section */
		14CB9B47286A49F100FE8325 /* Debug */ = {
			isa = XCBuildConfiguration;
			buildSettings = {
				ALWAYS_SEARCH_USER_PATHS = NO;
				CLANG_ANALYZER_NONNULL = YES;
				CLANG_ANALYZER_NUMBER_OBJECT_CONVERSION = YES_AGGRESSIVE;
				CLANG_CXX_LANGUAGE_STANDARD = "gnu++17";
				CLANG_ENABLE_MODULES = YES;
				CLANG_ENABLE_OBJC_ARC = YES;
				CLANG_ENABLE_OBJC_WEAK = YES;
				CLANG_WARN_BLOCK_CAPTURE_AUTORELEASING = YES;
				CLANG_WARN_BOOL_CONVERSION = YES;
				CLANG_WARN_COMMA = YES;
				CLANG_WARN_CONSTANT_CONVERSION = YES;
				CLANG_WARN_DEPRECATED_OBJC_IMPLEMENTATIONS = YES;
				CLANG_WARN_DIRECT_OBJC_ISA_USAGE = YES_ERROR;
				CLANG_WARN_DOCUMENTATION_COMMENTS = YES;
				CLANG_WARN_EMPTY_BODY = YES;
				CLANG_WARN_ENUM_CONVERSION = YES;
				CLANG_WARN_INFINITE_RECURSION = YES;
				CLANG_WARN_INT_CONVERSION = YES;
				CLANG_WARN_NON_LITERAL_NULL_CONVERSION = YES;
				CLANG_WARN_OBJC_IMPLICIT_RETAIN_SELF = YES;
				CLANG_WARN_OBJC_LITERAL_CONVERSION = YES;
				CLANG_WARN_OBJC_ROOT_CLASS = YES_ERROR;
				CLANG_WARN_QUOTED_INCLUDE_IN_FRAMEWORK_HEADER = YES;
				CLANG_WARN_RANGE_LOOP_ANALYSIS = YES;
				CLANG_WARN_STRICT_PROTOTYPES = YES;
				CLANG_WARN_SUSPICIOUS_MOVE = YES;
				CLANG_WARN_UNGUARDED_AVAILABILITY = YES_AGGRESSIVE;
				CLANG_WARN_UNREACHABLE_CODE = YES;
				CLANG_WARN__DUPLICATE_METHOD_MATCH = YES;
				COPY_PHASE_STRIP = NO;
				DEBUG_INFORMATION_FORMAT = dwarf;
				ENABLE_STRICT_OBJC_MSGSEND = YES;
				ENABLE_TESTABILITY = YES;
				GCC_C_LANGUAGE_STANDARD = gnu11;
				GCC_DYNAMIC_NO_PIC = NO;
				GCC_NO_COMMON_BLOCKS = YES;
				GCC_OPTIMIZATION_LEVEL = 0;
				GCC_PREPROCESSOR_DEFINITIONS = (
					"DEBUG=1",
					"$(inherited)",
				);
				GCC_WARN_64_TO_32_BIT_CONVERSION = YES;
				GCC_WARN_ABOUT_RETURN_TYPE = YES_ERROR;
				GCC_WARN_UNDECLARED_SELECTOR = YES;
				GCC_WARN_UNINITIALIZED_AUTOS = YES_AGGRESSIVE;
				GCC_WARN_UNUSED_FUNCTION = YES;
				GCC_WARN_UNUSED_VARIABLE = YES;
				IPHONEOS_DEPLOYMENT_TARGET = 15.5;
				MTL_ENABLE_DEBUG_INFO = INCLUDE_SOURCE;
				MTL_FAST_MATH = YES;
				ONLY_ACTIVE_ARCH = YES;
				SDKROOT = iphoneos;
			};
			name = Debug;
		};
		14CB9B48286A49F100FE8325 /* Release */ = {
			isa = XCBuildConfiguration;
			buildSettings = {
				ALWAYS_SEARCH_USER_PATHS = NO;
				CLANG_ANALYZER_NONNULL = YES;
				CLANG_ANALYZER_NUMBER_OBJECT_CONVERSION = YES_AGGRESSIVE;
				CLANG_CXX_LANGUAGE_STANDARD = "gnu++17";
				CLANG_ENABLE_MODULES = YES;
				CLANG_ENABLE_OBJC_ARC = YES;
				CLANG_ENABLE_OBJC_WEAK = YES;
				CLANG_WARN_BLOCK_CAPTURE_AUTORELEASING = YES;
				CLANG_WARN_BOOL_CONVERSION = YES;
				CLANG_WARN_COMMA = YES;
				CLANG_WARN_CONSTANT_CONVERSION = YES;
				CLANG_WARN_DEPRECATED_OBJC_IMPLEMENTATIONS = YES;
				CLANG_WARN_DIRECT_OBJC_ISA_USAGE = YES_ERROR;
				CLANG_WARN_DOCUMENTATION_COMMENTS = YES;
				CLANG_WARN_EMPTY_BODY = YES;
				CLANG_WARN_ENUM_CONVERSION = YES;
				CLANG_WARN_INFINITE_RECURSION = YES;
				CLANG_WARN_INT_CONVERSION = YES;
				CLANG_WARN_NON_LITERAL_NULL_CONVERSION = YES;
				CLANG_WARN_OBJC_IMPLICIT_RETAIN_SELF = YES;
				CLANG_WARN_OBJC_LITERAL_CONVERSION = YES;
				CLANG_WARN_OBJC_ROOT_CLASS = YES_ERROR;
				CLANG_WARN_QUOTED_INCLUDE_IN_FRAMEWORK_HEADER = YES;
				CLANG_WARN_RANGE_LOOP_ANALYSIS = YES;
				CLANG_WARN_STRICT_PROTOTYPES = YES;
				CLANG_WARN_SUSPICIOUS_MOVE = YES;
				CLANG_WARN_UNGUARDED_AVAILABILITY = YES_AGGRESSIVE;
				CLANG_WARN_UNREACHABLE_CODE = YES;
				CLANG_WARN__DUPLICATE_METHOD_MATCH = YES;
				COPY_PHASE_STRIP = NO;
				DEBUG_INFORMATION_FORMAT = "dwarf-with-dsym";
				ENABLE_NS_ASSERTIONS = NO;
				ENABLE_STRICT_OBJC_MSGSEND = YES;
				GCC_C_LANGUAGE_STANDARD = gnu11;
				GCC_NO_COMMON_BLOCKS = YES;
				GCC_WARN_64_TO_32_BIT_CONVERSION = YES;
				GCC_WARN_ABOUT_RETURN_TYPE = YES_ERROR;
				GCC_WARN_UNDECLARED_SELECTOR = YES;
				GCC_WARN_UNINITIALIZED_AUTOS = YES_AGGRESSIVE;
				GCC_WARN_UNUSED_FUNCTION = YES;
				GCC_WARN_UNUSED_VARIABLE = YES;
				IPHONEOS_DEPLOYMENT_TARGET = 15.5;
				MTL_ENABLE_DEBUG_INFO = NO;
				MTL_FAST_MATH = YES;
				SDKROOT = iphoneos;
				VALIDATE_PRODUCT = YES;
			};
			name = Release;
		};
		14CB9B4A286A49F100FE8325 /* Debug */ = {
			isa = XCBuildConfiguration;
			baseConfigurationReference = C77209A85B1246A3C31BD671 /* Pods-Instagram.debug.xcconfig */;
			buildSettings = {
				ASSETCATALOG_COMPILER_APPICON_NAME = AppIcon;
				ASSETCATALOG_COMPILER_GLOBAL_ACCENT_COLOR_NAME = AccentColor;
				CODE_SIGN_STYLE = Automatic;
				CURRENT_PROJECT_VERSION = 1;
				DEVELOPMENT_TEAM = F6HQL8H2BW;
				GENERATE_INFOPLIST_FILE = YES;
				INFOPLIST_FILE = Instagram/Info.plist;
				INFOPLIST_KEY_UIApplicationSupportsIndirectInputEvents = YES;
				INFOPLIST_KEY_UILaunchStoryboardName = LaunchScreen;
				INFOPLIST_KEY_UIMainStoryboardFile = Main;
				INFOPLIST_KEY_UISupportedInterfaceOrientations_iPad = "UIInterfaceOrientationPortrait UIInterfaceOrientationPortraitUpsideDown UIInterfaceOrientationLandscapeLeft UIInterfaceOrientationLandscapeRight";
				INFOPLIST_KEY_UISupportedInterfaceOrientations_iPhone = "UIInterfaceOrientationPortrait UIInterfaceOrientationLandscapeLeft UIInterfaceOrientationLandscapeRight";
				LD_RUNPATH_SEARCH_PATHS = (
					"$(inherited)",
					"@executable_path/Frameworks",
				);
				MARKETING_VERSION = 1.0;
				PRODUCT_BUNDLE_IDENTIFIER = com.hugomez.Instagram;
				PRODUCT_NAME = "$(TARGET_NAME)";
				SWIFT_EMIT_LOC_STRINGS = YES;
				TARGETED_DEVICE_FAMILY = "1,2";
			};
			name = Debug;
		};
		14CB9B4B286A49F100FE8325 /* Release */ = {
			isa = XCBuildConfiguration;
			baseConfigurationReference = 9F0014A688C5E4B25F36392F /* Pods-Instagram.release.xcconfig */;
			buildSettings = {
				ASSETCATALOG_COMPILER_APPICON_NAME = AppIcon;
				ASSETCATALOG_COMPILER_GLOBAL_ACCENT_COLOR_NAME = AccentColor;
				CODE_SIGN_STYLE = Automatic;
				CURRENT_PROJECT_VERSION = 1;
				DEVELOPMENT_TEAM = F6HQL8H2BW;
				GENERATE_INFOPLIST_FILE = YES;
				INFOPLIST_FILE = Instagram/Info.plist;
				INFOPLIST_KEY_UIApplicationSupportsIndirectInputEvents = YES;
				INFOPLIST_KEY_UILaunchStoryboardName = LaunchScreen;
				INFOPLIST_KEY_UIMainStoryboardFile = Main;
				INFOPLIST_KEY_UISupportedInterfaceOrientations_iPad = "UIInterfaceOrientationPortrait UIInterfaceOrientationPortraitUpsideDown UIInterfaceOrientationLandscapeLeft UIInterfaceOrientationLandscapeRight";
				INFOPLIST_KEY_UISupportedInterfaceOrientations_iPhone = "UIInterfaceOrientationPortrait UIInterfaceOrientationLandscapeLeft UIInterfaceOrientationLandscapeRight";
				LD_RUNPATH_SEARCH_PATHS = (
					"$(inherited)",
					"@executable_path/Frameworks",
				);
				MARKETING_VERSION = 1.0;
				PRODUCT_BUNDLE_IDENTIFIER = com.hugomez.Instagram;
				PRODUCT_NAME = "$(TARGET_NAME)";
				SWIFT_EMIT_LOC_STRINGS = YES;
				TARGETED_DEVICE_FAMILY = "1,2";
			};
			name = Release;
		};
		14CB9B4D286A49F100FE8325 /* Debug */ = {
			isa = XCBuildConfiguration;
			baseConfigurationReference = 179EF103D6760B52148C87BB /* Pods-InstagramTests.debug.xcconfig */;
			buildSettings = {
				BUNDLE_LOADER = "$(TEST_HOST)";
				CODE_SIGN_STYLE = Automatic;
				CURRENT_PROJECT_VERSION = 1;
				DEVELOPMENT_TEAM = F6HQL8H2BW;
				GENERATE_INFOPLIST_FILE = YES;
				IPHONEOS_DEPLOYMENT_TARGET = 15.5;
				MARKETING_VERSION = 1.0;
				PRODUCT_BUNDLE_IDENTIFIER = com.hugomez.InstagramTests;
				PRODUCT_NAME = "$(TARGET_NAME)";
				SWIFT_EMIT_LOC_STRINGS = NO;
				TARGETED_DEVICE_FAMILY = "1,2";
				TEST_HOST = "$(BUILT_PRODUCTS_DIR)/Instagram.app/Instagram";
			};
			name = Debug;
		};
		14CB9B4E286A49F100FE8325 /* Release */ = {
			isa = XCBuildConfiguration;
			baseConfigurationReference = 8720B66135C939DDF1010681 /* Pods-InstagramTests.release.xcconfig */;
			buildSettings = {
				BUNDLE_LOADER = "$(TEST_HOST)";
				CODE_SIGN_STYLE = Automatic;
				CURRENT_PROJECT_VERSION = 1;
				DEVELOPMENT_TEAM = F6HQL8H2BW;
				GENERATE_INFOPLIST_FILE = YES;
				IPHONEOS_DEPLOYMENT_TARGET = 15.5;
				MARKETING_VERSION = 1.0;
				PRODUCT_BUNDLE_IDENTIFIER = com.hugomez.InstagramTests;
				PRODUCT_NAME = "$(TARGET_NAME)";
				SWIFT_EMIT_LOC_STRINGS = NO;
				TARGETED_DEVICE_FAMILY = "1,2";
				TEST_HOST = "$(BUILT_PRODUCTS_DIR)/Instagram.app/Instagram";
			};
			name = Release;
		};
		14CB9B50286A49F100FE8325 /* Debug */ = {
			isa = XCBuildConfiguration;
			baseConfigurationReference = 09E4D5F70F582E13EB35ECD6 /* Pods-Instagram-InstagramUITests.debug.xcconfig */;
			buildSettings = {
				CODE_SIGN_STYLE = Automatic;
				CURRENT_PROJECT_VERSION = 1;
				DEVELOPMENT_TEAM = F6HQL8H2BW;
				GENERATE_INFOPLIST_FILE = YES;
				MARKETING_VERSION = 1.0;
				PRODUCT_BUNDLE_IDENTIFIER = com.hugomez.InstagramUITests;
				PRODUCT_NAME = "$(TARGET_NAME)";
				SWIFT_EMIT_LOC_STRINGS = NO;
				TARGETED_DEVICE_FAMILY = "1,2";
				TEST_TARGET_NAME = Instagram;
			};
			name = Debug;
		};
		14CB9B51286A49F100FE8325 /* Release */ = {
			isa = XCBuildConfiguration;
			baseConfigurationReference = F477291FCF0597B3A5AF36B9 /* Pods-Instagram-InstagramUITests.release.xcconfig */;
			buildSettings = {
				CODE_SIGN_STYLE = Automatic;
				CURRENT_PROJECT_VERSION = 1;
				DEVELOPMENT_TEAM = F6HQL8H2BW;
				GENERATE_INFOPLIST_FILE = YES;
				MARKETING_VERSION = 1.0;
				PRODUCT_BUNDLE_IDENTIFIER = com.hugomez.InstagramUITests;
				PRODUCT_NAME = "$(TARGET_NAME)";
				SWIFT_EMIT_LOC_STRINGS = NO;
				TARGETED_DEVICE_FAMILY = "1,2";
				TEST_TARGET_NAME = Instagram;
			};
			name = Release;
		};
/* End XCBuildConfiguration section */

/* Begin XCConfigurationList section */
		14CB9B15286A49F000FE8325 /* Build configuration list for PBXProject "Instagram" */ = {
			isa = XCConfigurationList;
			buildConfigurations = (
				14CB9B47286A49F100FE8325 /* Debug */,
				14CB9B48286A49F100FE8325 /* Release */,
			);
			defaultConfigurationIsVisible = 0;
			defaultConfigurationName = Release;
		};
		14CB9B49286A49F100FE8325 /* Build configuration list for PBXNativeTarget "Instagram" */ = {
			isa = XCConfigurationList;
			buildConfigurations = (
				14CB9B4A286A49F100FE8325 /* Debug */,
				14CB9B4B286A49F100FE8325 /* Release */,
			);
			defaultConfigurationIsVisible = 0;
			defaultConfigurationName = Release;
		};
		14CB9B4C286A49F100FE8325 /* Build configuration list for PBXNativeTarget "InstagramTests" */ = {
			isa = XCConfigurationList;
			buildConfigurations = (
				14CB9B4D286A49F100FE8325 /* Debug */,
				14CB9B4E286A49F100FE8325 /* Release */,
			);
			defaultConfigurationIsVisible = 0;
			defaultConfigurationName = Release;
		};
		14CB9B4F286A49F100FE8325 /* Build configuration list for PBXNativeTarget "InstagramUITests" */ = {
			isa = XCConfigurationList;
			buildConfigurations = (
				14CB9B50286A49F100FE8325 /* Debug */,
				14CB9B51286A49F100FE8325 /* Release */,
			);
			defaultConfigurationIsVisible = 0;
			defaultConfigurationName = Release;
		};
/* End XCConfigurationList section */
	};
	rootObject = 14CB9B12286A49F000FE8325 /* Project object */;
}
